github.com/hultan/crypto v1.0.1 h1:QXln6IFU0/RJOr1o50pwiBEZ4xV56hf9TnfcLot8tP8=
github.com/hultan/crypto v1.0.1/go.mod h1:Al02tqJQ4Kh8UhEMMGQMe8CtlWcFL3pbdhztdOph0OY=
github.com/hultan/logger v1.0.1 h1:X23II7O6DIBxTCkkGVJGkKTFyTaC2Bzjwbb+fe5+cJU=
github.com/hultan/logger v1.0.1/go.mod h1:L3gFu1SRz6lpU7fg9lFyc2G58KnFG7PeMHxx0QMLabo=
